{
  "requires": true,
  "lockfileVersion": 1,
  "dependencies": {
    "@ngrx/core": {
      "version": "1.2.0",
      "resolved": "https://registry.npmjs.org/@ngrx/core/-/core-1.2.0.tgz",
      "integrity": "sha1-iCtGq6+i4ObYh8txobLC+j5tDcY="
    },
    "@ngrx/effects": {
      "version": "8.5.1",
      "resolved": "https://registry.npmjs.org/@ngrx/effects/-/effects-8.5.1.tgz",
      "integrity": "sha512-xb5GfXCN13wEUhe5YUN5t9GeP+DzCJYKwtB2pMR94gqMOU2eQdE3qmglRZIMLjsENSAtnFO7i11FPrwG31Jkyw=="
    },
    "@ngrx/router-store": {
      "version": "8.5.1",
      "resolved": "https://registry.npmjs.org/@ngrx/router-store/-/router-store-8.5.1.tgz",
      "integrity": "sha512-9M/QOlz4/bVu469bnvceLCJE8IVOeXV/T+InsFpugMfoOdkvan83RiueqcZ3QKMsusOgdUXmkXkzs70qU6XVDA=="
    },
    "@ngrx/store": {
      "version": "8.5.1",
      "resolved": "https://registry.npmjs.org/@ngrx/store/-/store-8.5.1.tgz",
      "integrity": "sha512-KIQ9Ooro0tl3+ohTpSXvvVUlo40TTLWAWFx2Ys8pI1Yqr39O9da3PNWecLA/2q4YmFf1bO072lYmcBTp1+Shvg=="
    },
    "@ngrx/store-devtools": {
      "version": "8.5.1",
      "resolved": "https://registry.npmjs.org/@ngrx/store-devtools/-/store-devtools-8.5.1.tgz",
      "integrity": "sha512-Eml2tV1GkGA7ctnCH7DGKSaQEKtqbFPdnGjgyVyZilKC1oSonsw6U5+vfG3t11CgGSTyZQvi+wQLbmNiKuqQ/g=="
    }
  }
}
